
Microsoft Visual Studio Solution File, Format Version 12.00
# Visual Studio Version 17
VisualStudioVersion = 17.11.35303.130
MinimumVisualStudioVersion = 10.0.40219.1
Project("{888888A0-9F3D-457C-B088-3A5042F75D52}") = "AJA_Log_Reporter", "AJA_Log_Reporter\AJA_Log_Reporter.pyproj", "{50822102-DCD9-49FB-99FF-D62C2FEF2463}"
EndProject
Global
	GlobalSection(SolutionConfigurationPlatforms) = preSolution
		Debug|Any CPU = Debug|Any CPU
		Release|Any CPU = Release|Any CPU
	EndGlobalSection
	GlobalSection(ProjectConfigurationPlatforms) = postSolution
		{50822102-DCD9-49FB-99FF-D62C2FEF2463}.Debug|Any CPU.ActiveCfg = Debug|Any CPU
		{50822102-DCD9-49FB-99FF-D62C2FEF2463}.Debug|Any CPU.Build.0 = Debug|Any CPU
		{50822102-DCD9-49FB-99FF-D62C2FEF2463}.Release|Any CPU.ActiveCfg = Release|Any CPU
		{50822102-DCD9-49FB-99FF-D62C2FEF2463}.Release|Any CPU.Build.0 = Release|Any CPU
	EndGlobalSection
	GlobalSection(SolutionProperties) = preSolution
		HideSolutionNode = FALSE
	EndGlobalSection
	GlobalSection(ExtensibilityGlobals) = postSolution
		SolutionGuid = {7E07746C-4216-4C1C-9BD9-EEFB113085E4}
	EndGlobalSection
EndGlobal
